// !$*UTF8*$!
{
	archiveVersion = 1;
	classes = {
	};
	objectVersion = 50;
	objects = {

/* Begin PBXBuildFile section */
		401201A724D6E8E1004A59DC /* NetworkViewController.swift in Sources */ = {isa = PBXBuildFile; fileRef = 401201A624D6E8E1004A59DC /* NetworkViewController.swift */; };
		401201AA24D75D09004A59DC /* NetworkLogger.swift in Sources */ = {isa = PBXBuildFile; fileRef = 401201A924D75D09004A59DC /* NetworkLogger.swift */; };
		4075A2C724D5CA26009345F5 /* CurrencyEndPoint.swift in Sources */ = {isa = PBXBuildFile; fileRef = 4075A2C624D5CA26009345F5 /* CurrencyEndPoint.swift */; };
		409B4F7124D5C4B40040E73D /* AppDelegate.swift in Sources */ = {isa = PBXBuildFile; fileRef = 409B4F7024D5C4B40040E73D /* AppDelegate.swift */; };
		409B4F7A24D5C4B60040E73D /* Assets.xcassets in Resources */ = {isa = PBXBuildFile; fileRef = 409B4F7924D5C4B60040E73D /* Assets.xcassets */; };
		409B4F7D24D5C4B60040E73D /* LaunchScreen.storyboard in Resources */ = {isa = PBXBuildFile; fileRef = 409B4F7B24D5C4B60040E73D /* LaunchScreen.storyboard */; };
		409B4F8524D5C4FD0040E73D /* ApiClient.swift in Sources */ = {isa = PBXBuildFile; fileRef = 409B4F8424D5C4FD0040E73D /* ApiClient.swift */; };
		409B4F8724D5C7000040E73D /* CurrencyModel.swift in Sources */ = {isa = PBXBuildFile; fileRef = 409B4F8624D5C7000040E73D /* CurrencyModel.swift */; };
		409B4F8924D5C7590040E73D /* EndPointType.swift in Sources */ = {isa = PBXBuildFile; fileRef = 409B4F8824D5C7590040E73D /* EndPointType.swift */; };
		409B4F8B24D5C77D0040E73D /* HTTPMethod.swift in Sources */ = {isa = PBXBuildFile; fileRef = 409B4F8A24D5C77D0040E73D /* HTTPMethod.swift */; };
		409B4F8D24D5C7AD0040E73D /* HTTPTask.swift in Sources */ = {isa = PBXBuildFile; fileRef = 409B4F8C24D5C7AD0040E73D /* HTTPTask.swift */; };
		409B4F9124D5C8690040E73D /* ParameterEncoding.swift in Sources */ = {isa = PBXBuildFile; fileRef = 409B4F9024D5C8690040E73D /* ParameterEncoding.swift */; };
		409B4F9324D5C90A0040E73D /* URLParameterEncoding.swift in Sources */ = {isa = PBXBuildFile; fileRef = 409B4F9224D5C90A0040E73D /* URLParameterEncoding.swift */; };
		409B4F9524D5C9200040E73D /* JSONParameterEncoder.swift in Sources */ = {isa = PBXBuildFile; fileRef = 409B4F9424D5C9200040E73D /* JSONParameterEncoder.swift */; };
/* End PBXBuildFile section */

/* Begin PBXFileReference section */
		401201A624D6E8E1004A59DC /* NetworkViewController.swift */ = {isa = PBXFileReference; lastKnownFileType = sourcecode.swift; path = NetworkViewController.swift; sourceTree = "<group>"; };
		401201A924D75D09004A59DC /* NetworkLogger.swift */ = {isa = PBXFileReference; lastKnownFileType = sourcecode.swift; path = NetworkLogger.swift; sourceTree = "<group>"; };
		4075A2C624D5CA26009345F5 /* CurrencyEndPoint.swift */ = {isa = PBXFileReference; lastKnownFileType = sourcecode.swift; path = CurrencyEndPoint.swift; sourceTree = "<group>"; };
		409B4F6D24D5C4B40040E73D /* CurrencyNetwork.app */ = {isa = PBXFileReference; explicitFileType = wrapper.application; includeInIndex = 0; path = CurrencyNetwork.app; sourceTree = BUILT_PRODUCTS_DIR; };
		409B4F7024D5C4B40040E73D /* AppDelegate.swift */ = {isa = PBXFileReference; lastKnownFileType = sourcecode.swift; path = AppDelegate.swift; sourceTree = "<group>"; };
		409B4F7924D5C4B60040E73D /* Assets.xcassets */ = {isa = PBXFileReference; lastKnownFileType = folder.assetcatalog; path = Assets.xcassets; sourceTree = "<group>"; };
		409B4F7C24D5C4B60040E73D /* Base */ = {isa = PBXFileReference; lastKnownFileType = file.storyboard; name = Base; path = Base.lproj/LaunchScreen.storyboard; sourceTree = "<group>"; };
		409B4F7E24D5C4B60040E73D /* Info.plist */ = {isa = PBXFileReference; lastKnownFileType = text.plist.xml; path = Info.plist; sourceTree = "<group>"; };
		409B4F8424D5C4FD0040E73D /* ApiClient.swift */ = {isa = PBXFileReference; lastKnownFileType = sourcecode.swift; path = ApiClient.swift; sourceTree = "<group>"; };
		409B4F8624D5C7000040E73D /* CurrencyModel.swift */ = {isa = PBXFileReference; lastKnownFileType = sourcecode.swift; path = CurrencyModel.swift; sourceTree = "<group>"; };
		409B4F8824D5C7590040E73D /* EndPointType.swift */ = {isa = PBXFileReference; lastKnownFileType = sourcecode.swift; path = EndPointType.swift; sourceTree = "<group>"; };
		409B4F8A24D5C77D0040E73D /* HTTPMethod.swift */ = {isa = PBXFileReference; lastKnownFileType = sourcecode.swift; path = HTTPMethod.swift; sourceTree = "<group>"; };
		409B4F8C24D5C7AD0040E73D /* HTTPTask.swift */ = {isa = PBXFileReference; lastKnownFileType = sourcecode.swift; path = HTTPTask.swift; sourceTree = "<group>"; };
		409B4F9024D5C8690040E73D /* ParameterEncoding.swift */ = {isa = PBXFileReference; lastKnownFileType = sourcecode.swift; path = ParameterEncoding.swift; sourceTree = "<group>"; };
		409B4F9224D5C90A0040E73D /* URLParameterEncoding.swift */ = {isa = PBXFileReference; lastKnownFileType = sourcecode.swift; path = URLParameterEncoding.swift; sourceTree = "<group>"; };
		409B4F9424D5C9200040E73D /* JSONParameterEncoder.swift */ = {isa = PBXFileReference; lastKnownFileType = sourcecode.swift; path = JSONParameterEncoder.swift; sourceTree = "<group>"; };
/* End PBXFileReference section */

/* Begin PBXFrameworksBuildPhase section */
		409B4F6A24D5C4B40040E73D /* Frameworks */ = {
			isa = PBXFrameworksBuildPhase;
			buildActionMask = 2147483647;
			files = (
			);
			runOnlyForDeploymentPostprocessing = 0;
		};
/* End PBXFrameworksBuildPhase section */

/* Begin PBXGroup section */
		401201A824D6EA2C004A59DC /* ViewController */ = {
			isa = PBXGroup;
			children = (
				401201A624D6E8E1004A59DC /* NetworkViewController.swift */,
			);
			path = ViewController;
			sourceTree = "<group>";
		};
		4075A2C824D63269009345F5 /* Application */ = {
			isa = PBXGroup;
			children = (
				409B4F7024D5C4B40040E73D /* AppDelegate.swift */,
				409B4F7B24D5C4B60040E73D /* LaunchScreen.storyboard */,
				409B4F7E24D5C4B60040E73D /* Info.plist */,
			);
			path = Application;
			sourceTree = "<group>";
		};
		409B4F6424D5C4B40040E73D = {
			isa = PBXGroup;
			children = (
				409B4F6F24D5C4B40040E73D /* CurrencyNetwork */,
				409B4F6E24D5C4B40040E73D /* Products */,
			);
			sourceTree = "<group>";
		};
		409B4F6E24D5C4B40040E73D /* Products */ = {
			isa = PBXGroup;
			children = (
				409B4F6D24D5C4B40040E73D /* CurrencyNetwork.app */,
			);
			name = Products;
			sourceTree = "<group>";
		};
		409B4F6F24D5C4B40040E73D /* CurrencyNetwork */ = {
			isa = PBXGroup;
			children = (
				4075A2C824D63269009345F5 /* Application */,
				401201A824D6EA2C004A59DC /* ViewController */,
				409B4F9824D5C97B0040E73D /* Model */,
				409B4F9924D5C98B0040E73D /* EndPoint */,
				409B4F9724D5C96F0040E73D /* Client */,
				409B4F8E24D5C8270040E73D /* Service */,
				409B4F8F24D5C83D0040E73D /* Encoding */,
				409B4F7924D5C4B60040E73D /* Assets.xcassets */,
			);
			path = CurrencyNetwork;
			sourceTree = "<group>";
		};
		409B4F8E24D5C8270040E73D /* Service */ = {
			isa = PBXGroup;
			children = (
				409B4F8824D5C7590040E73D /* EndPointType.swift */,
				409B4F8A24D5C77D0040E73D /* HTTPMethod.swift */,
				409B4F8C24D5C7AD0040E73D /* HTTPTask.swift */,
				401201A924D75D09004A59DC /* NetworkLogger.swift */,
			);
			path = Service;
			sourceTree = "<group>";
		};
		409B4F8F24D5C83D0040E73D /* Encoding */ = {
			isa = PBXGroup;
			children = (
				409B4F9024D5C8690040E73D /* ParameterEncoding.swift */,
				409B4F9224D5C90A0040E73D /* URLParameterEncoding.swift */,
				409B4F9424D5C9200040E73D /* JSONParameterEncoder.swift */,
			);
			path = Encoding;
			sourceTree = "<group>";
		};
		409B4F9724D5C96F0040E73D /* Client */ = {
			isa = PBXGroup;
			children = (
				409B4F8424D5C4FD0040E73D /* ApiClient.swift */,
			);
			path = Client;
			sourceTree = "<group>";
		};
		409B4F9824D5C97B0040E73D /* Model */ = {
			isa = PBXGroup;
			children = (
				409B4F8624D5C7000040E73D /* CurrencyModel.swift */,
			);
			path = Model;
			sourceTree = "<group>";
		};
		409B4F9924D5C98B0040E73D /* EndPoint */ = {
			isa = PBXGroup;
			children = (
				4075A2C624D5CA26009345F5 /* CurrencyEndPoint.swift */,
			);
			path = EndPoint;
			sourceTree = "<group>";
		};
/* End PBXGroup section */

/* Begin PBXNativeTarget section */
		409B4F6C24D5C4B40040E73D /* CurrencyNetwork */ = {
			isa = PBXNativeTarget;
			buildConfigurationList = 409B4F8124D5C4B60040E73D /* Build configuration list for PBXNativeTarget "CurrencyNetwork" */;
			buildPhases = (
				409B4F6924D5C4B40040E73D /* Sources */,
				409B4F6A24D5C4B40040E73D /* Frameworks */,
				409B4F6B24D5C4B40040E73D /* Resources */,
			);
			buildRules = (
			);
			dependencies = (
			);
			name = CurrencyNetwork;
			productName = Network;
			productReference = 409B4F6D24D5C4B40040E73D /* CurrencyNetwork.app */;
			productType = "com.apple.product-type.application";
		};
/* End PBXNativeTarget section */

/* Begin PBXProject section */
		409B4F6524D5C4B40040E73D /* Project object */ = {
			isa = PBXProject;
			attributes = {
				LastSwiftUpdateCheck = 1160;
				LastUpgradeCheck = 1160;
				ORGANIZATIONNAME = "Nick Chekmazov";
				TargetAttributes = {
					409B4F6C24D5C4B40040E73D = {
						CreatedOnToolsVersion = 11.6;
					};
				};
			};
			buildConfigurationList = 409B4F6824D5C4B40040E73D /* Build configuration list for PBXProject "CurrencyNetwork" */;
			compatibilityVersion = "Xcode 9.3";
			developmentRegion = en;
			hasScannedForEncodings = 0;
			knownRegions = (
				en,
				Base,
			);
			mainGroup = 409B4F6424D5C4B40040E73D;
			productRefGroup = 409B4F6E24D5C4B40040E73D /* Products */;
			projectDirPath = "";
			projectRoot = "";
			targets = (
				409B4F6C24D5C4B40040E73D /* CurrencyNetwork */,
			);
		};
/* End PBXProject section */

/* Begin PBXResourcesBuildPhase section */
		409B4F6B24D5C4B40040E73D /* Resources */ = {
			isa = PBXResourcesBuildPhase;
			buildActionMask = 2147483647;
			files = (
				409B4F7D24D5C4B60040E73D /* LaunchScreen.storyboard in Resources */,
				409B4F7A24D5C4B60040E73D /* Assets.xcassets in Resources */,
			);
			runOnlyForDeploymentPostprocessing = 0;
		};
/* End PBXResourcesBuildPhase section */

/* Begin PBXSourcesBuildPhase section */
		409B4F6924D5C4B40040E73D /* Sources */ = {
			isa = PBXSourcesBuildPhase;
			buildActionMask = 2147483647;
			files = (
				401201AA24D75D09004A59DC /* NetworkLogger.swift in Sources */,
				409B4F9124D5C8690040E73D /* ParameterEncoding.swift in Sources */,
				409B4F8724D5C7000040E73D /* CurrencyModel.swift in Sources */,
				409B4F8B24D5C77D0040E73D /* HTTPMethod.swift in Sources */,
				409B4F9524D5C9200040E73D /* JSONParameterEncoder.swift in Sources */,
				4075A2C724D5CA26009345F5 /* CurrencyEndPoint.swift in Sources */,
				409B4F9324D5C90A0040E73D /* URLParameterEncoding.swift in Sources */,
				409B4F8924D5C7590040E73D /* EndPointType.swift in Sources */,
				409B4F8D24D5C7AD0040E73D /* HTTPTask.swift in Sources */,
				409B4F7124D5C4B40040E73D /* AppDelegate.swift in Sources */,
				401201A724D6E8E1004A59DC /* NetworkViewController.swift in Sources */,
				409B4F8524D5C4FD0040E73D /* ApiClient.swift in Sources */,
			);
			runOnlyForDeploymentPostprocessing = 0;
		};
/* End PBXSourcesBuildPhase section */

/* Begin PBXVariantGroup section */
		409B4F7B24D5C4B60040E73D /* LaunchScreen.storyboard */ = {
			isa = PBXVariantGroup;
			children = (
				409B4F7C24D5C4B60040E73D /* Base */,
			);
			name = LaunchScreen.storyboard;
			sourceTree = "<group>";
		};
/* End PBXVariantGroup section */

/* Begin XCBuildConfiguration section */
		409B4F7F24D5C4B60040E73D /* Debug */ = {
			isa = XCBuildConfiguration;
			buildSettings = {
				ALWAYS_SEARCH_USER_PATHS = NO;
				CLANG_ANALYZER_NONNULL = YES;
				CLANG_ANALYZER_NUMBER_OBJECT_CONVERSION = YES_AGGRESSIVE;
				CLANG_CXX_LANGUAGE_STANDARD = "gnu++14";
				CLANG_CXX_LIBRARY = "libc++";
				CLANG_ENABLE_MODULES = YES;
				CLANG_ENABLE_OBJC_ARC = YES;
				CLANG_ENABLE_OBJC_WEAK = YES;
				CLANG_WARN_BLOCK_CAPTURE_AUTORELEASING = YES;
				CLANG_WARN_BOOL_CONVERSION = YES;
				CLANG_WARN_COMMA = YES;
				CLANG_WARN_CONSTANT_CONVERSION = YES;
				CLANG_WARN_DEPRECATED_OBJC_IMPLEMENTATIONS = YES;
				CLANG_WARN_DIRECT_OBJC_ISA_USAGE = YES_ERROR;
				CLANG_WARN_DOCUMENTATION_COMMENTS = YES;
				CLANG_WARN_EMPTY_BODY = YES;
				CLANG_WARN_ENUM_CONVERSION = YES;
				CLANG_WARN_INFINITE_RECURSION = YES;
				CLANG_WARN_INT_CONVERSION = YES;
				CLANG_WARN_NON_LITERAL_NULL_CONVERSION = YES;
				CLANG_WARN_OBJC_IMPLICIT_RETAIN_SELF = YES;
				CLANG_WARN_OBJC_LITERAL_CONVERSION = YES;
				CLANG_WARN_OBJC_ROOT_CLASS = YES_ERROR;
				CLANG_WARN_RANGE_LOOP_ANALYSIS = YES;
				CLANG_WARN_STRICT_PROTOTYPES = YES;
				CLANG_WARN_SUSPICIOUS_MOVE = YES;
				CLANG_WARN_UNGUARDED_AVAILABILITY = YES_AGGRESSIVE;
				CLANG_WARN_UNREACHABLE_CODE = YES;
				CLANG_WARN__DUPLICATE_METHOD_MATCH = YES;
				COPY_PHASE_STRIP = NO;
				DEBUG_INFORMATION_FORMAT = dwarf;
				ENABLE_STRICT_OBJC_MSGSEND = YES;
				ENABLE_TESTABILITY = YES;
				GCC_C_LANGUAGE_STANDARD = gnu11;
				GCC_DYNAMIC_NO_PIC = NO;
				GCC_NO_COMMON_BLOCKS = YES;
				GCC_OPTIMIZATION_LEVEL = 0;
				GCC_PREPROCESSOR_DEFINITIONS = (
					"DEBUG=1",
					"$(inherited)",
				);
				GCC_WARN_64_TO_32_BIT_CONVERSION = YES;
				GCC_WARN_ABOUT_RETURN_TYPE = YES_ERROR;
				GCC_WARN_UNDECLARED_SELECTOR = YES;
				GCC_WARN_UNINITIALIZED_AUTOS = YES_AGGRESSIVE;
				GCC_WARN_UNUSED_FUNCTION = YES;
				GCC_WARN_UNUSED_VARIABLE = YES;
				IPHONEOS_DEPLOYMENT_TARGET = 13.6;
				MTL_ENABLE_DEBUG_INFO = INCLUDE_SOURCE;
				MTL_FAST_MATH = YES;
				ONLY_ACTIVE_ARCH = YES;
				SDKROOT = iphoneos;
				SWIFT_ACTIVE_COMPILATION_CONDITIONS = DEBUG;
				SWIFT_OPTIMIZATION_LEVEL = "-Onone";
			};
			name = Debug;
		};
		409B4F8024D5C4B60040E73D /* Release */ = {
			isa = XCBuildConfiguration;
			buildSettings = {
				ALWAYS_SEARCH_USER_PATHS = NO;
				CLANG_ANALYZER_NONNULL = YES;
				CLANG_ANALYZER_NUMBER_OBJECT_CONVERSION = YES_AGGRESSIVE;
				CLANG_CXX_LANGUAGE_STANDARD = "gnu++14";
				CLANG_CXX_LIBRARY = "libc++";
				CLANG_ENABLE_MODULES = YES;
				CLANG_ENABLE_OBJC_ARC = YES;
				CLANG_ENABLE_OBJC_WEAK = YES;
				CLANG_WARN_BLOCK_CAPTURE_AUTORELEASING = YES;
				CLANG_WARN_BOOL_CONVERSION = YES;
				CLANG_WARN_COMMA = YES;
				CLANG_WARN_CONSTANT_CONVERSION = YES;
				CLANG_WARN_DEPRECATED_OBJC_IMPLEMENTATIONS = YES;
				CLANG_WARN_DIRECT_OBJC_ISA_USAGE = YES_ERROR;
				CLANG_WARN_DOCUMENTATION_COMMENTS = YES;
				CLANG_WARN_EMPTY_BODY = YES;
				CLANG_WARN_ENUM_CONVERSION = YES;
				CLANG_WARN_INFINITE_RECURSION = YES;
				CLANG_WARN_INT_CONVERSION = YES;
				CLANG_WARN_NON_LITERAL_NULL_CONVERSION = YES;
				CLANG_WARN_OBJC_IMPLICIT_RETAIN_SELF = YES;
				CLANG_WARN_OBJC_LITERAL_CONVERSION = YES;
				CLANG_WARN_OBJC_ROOT_CLASS = YES_ERROR;
				CLANG_WARN_RANGE_LOOP_ANALYSIS = YES;
				CLANG_WARN_STRICT_PROTOTYPES = YES;
				CLANG_WARN_SUSPICIOUS_MOVE = YES;
				CLANG_WARN_UNGUARDED_AVAILABILITY = YES_AGGRESSIVE;
				CLANG_WARN_UNREACHABLE_CODE = YES;
				CLANG_WARN__DUPLICATE_METHOD_MATCH = YES;
				COPY_PHASE_STRIP = NO;
				DEBUG_INFORMATION_FORMAT = "dwarf-with-dsym";
				ENABLE_NS_ASSERTIONS = NO;
				ENABLE_STRICT_OBJC_MSGSEND = YES;
				GCC_C_LANGUAGE_STANDARD = gnu11;
				GCC_NO_COMMON_BLOCKS = YES;
				GCC_WARN_64_TO_32_BIT_CONVERSION = YES;
				GCC_WARN_ABOUT_RETURN_TYPE = YES_ERROR;
				GCC_WARN_UNDECLARED_SELECTOR = YES;
				GCC_WARN_UNINITIALIZED_AUTOS = YES_AGGRESSIVE;
				GCC_WARN_UNUSED_FUNCTION = YES;
				GCC_WARN_UNUSED_VARIABLE = YES;
				IPHONEOS_DEPLOYMENT_TARGET = 13.6;
				MTL_ENABLE_DEBUG_INFO = NO;
				MTL_FAST_MATH = YES;
				SDKROOT = iphoneos;
				SWIFT_COMPILATION_MODE = wholemodule;
				SWIFT_OPTIMIZATION_LEVEL = "-O";
				VALIDATE_PRODUCT = YES;
			};
			name = Release;
		};
		409B4F8224D5C4B60040E73D /* Debug */ = {
			isa = XCBuildConfiguration;
			buildSettings = {
				ASSETCATALOG_COMPILER_APPICON_NAME = AppIcon;
				CODE_SIGN_STYLE = Automatic;
				DEVELOPMENT_TEAM = D988H4JU9C;
				INFOPLIST_FILE = CurrencyNetwork/Application/Info.plist;
				LD_RUNPATH_SEARCH_PATHS = (
					"$(inherited)",
					"@executable_path/Frameworks",
				);
				PRODUCT_BUNDLE_IDENTIFIER = nickoldschool.com.Network;
				PRODUCT_NAME = "$(TARGET_NAME)";
				SWIFT_VERSION = 5.0;
				TARGETED_DEVICE_FAMILY = "1,2";
			};
			name = Debug;
		};
		409B4F8324D5C4B60040E73D /* Release */ = {
			isa = XCBuildConfiguration;
			buildSettings = {
				ASSETCATALOG_COMPILER_APPICON_NAME = AppIcon;
				CODE_SIGN_STYLE = Automatic;
				DEVELOPMENT_TEAM = D988H4JU9C;
				INFOPLIST_FILE = CurrencyNetwork/Application/Info.plist;
				LD_RUNPATH_SEARCH_PATHS = (
					"$(inherited)",
					"@executable_path/Frameworks",
				);
				PRODUCT_BUNDLE_IDENTIFIER = nickoldschool.com.Network;
				PRODUCT_NAME = "$(TARGET_NAME)";
				SWIFT_VERSION = 5.0;
				TARGETED_DEVICE_FAMILY = "1,2";
			};
			name = Release;
		};
/* End XCBuildConfiguration section */

/* Begin XCConfigurationList section */
		409B4F6824D5C4B40040E73D /* Build configuration list for PBXProject "CurrencyNetwork" */ = {
			isa = XCConfigurationList;
			buildConfigurations = (
				409B4F7F24D5C4B60040E73D /* Debug */,
				409B4F8024D5C4B60040E73D /* Release */,
			);
			defaultConfigurationIsVisible = 0;
			defaultConfigurationName = Release;
		};
		409B4F8124D5C4B60040E73D /* Build configuration list for PBXNativeTarget "CurrencyNetwork" */ = {
			isa = XCConfigurationList;
			buildConfigurations = (
				409B4F8224D5C4B60040E73D /* Debug */,
				409B4F8324D5C4B60040E73D /* Release */,
			);
			defaultConfigurationIsVisible = 0;
			defaultConfigurationName = Release;
		};
/* End XCConfigurationList section */
	};
	rootObject = 409B4F6524D5C4B40040E73D /* Project object */;
}
